// !$*UTF8*$!
{
	archiveVersion = 1;
	classes = {
	};
	objectVersion = 48;
	objects = {

/* Begin PBXBuildFile section */
		040A48E31FE01DCB0004398E /* .gitignore in Resources */ = {isa = PBXBuildFile; fileRef = 040A48E21FE01DCB0004398E /* .gitignore */; };
		046177B81FE841BF0048D226 /* Podcast.swift in Sources */ = {isa = PBXBuildFile; fileRef = 046177B71FE841BF0048D226 /* Podcast.swift */; };
		046177BA1FE844C30048D226 /* Episode.swift in Sources */ = {isa = PBXBuildFile; fileRef = 046177B91FE844C30048D226 /* Episode.swift */; };
		0479CF6A1FE6CCB1003E00DB /* EpisodeListViewController.swift in Sources */ = {isa = PBXBuildFile; fileRef = 0479CF691FE6CCB1003E00DB /* EpisodeListViewController.swift */; };
		24B69DA112A0E09AB7A657D0 /* Pods_PodcastTests.framework in Frameworks */ = {isa = PBXBuildFile; fileRef = 9E75558CC1D5606749F348C7 /* Pods_PodcastTests.framework */; };
		308F5C25A5839956BDDFA6A2 /* Pods_Podcast.framework in Frameworks */ = {isa = PBXBuildFile; fileRef = 920F1D79AB534FE9D7080370 /* Pods_Podcast.framework */; };
		842974C41FE9274500E1FD00 /* PlayViewController.swift in Sources */ = {isa = PBXBuildFile; fileRef = 842974C31FE9274500E1FD00 /* PlayViewController.swift */; };
		842DEBAE1FDFDC7900762848 /* AppDelegate.swift in Sources */ = {isa = PBXBuildFile; fileRef = 842DEBAD1FDFDC7900762848 /* AppDelegate.swift */; };
		842DEBB01FDFDC7900762848 /* PodcastListViewController.swift in Sources */ = {isa = PBXBuildFile; fileRef = 842DEBAF1FDFDC7900762848 /* PodcastListViewController.swift */; };
		842DEBB21FDFDC7900762848 /* SearchViewController.swift in Sources */ = {isa = PBXBuildFile; fileRef = 842DEBB11FDFDC7900762848 /* SearchViewController.swift */; };
		842DEBB51FDFDC7900762848 /* Main.storyboard in Resources */ = {isa = PBXBuildFile; fileRef = 842DEBB31FDFDC7900762848 /* Main.storyboard */; };
		842DEBB71FDFDC7900762848 /* Assets.xcassets in Resources */ = {isa = PBXBuildFile; fileRef = 842DEBB61FDFDC7900762848 /* Assets.xcassets */; };
		842DEBBA1FDFDC7900762848 /* LaunchScreen.storyboard in Resources */ = {isa = PBXBuildFile; fileRef = 842DEBB81FDFDC7900762848 /* LaunchScreen.storyboard */; };
		842DEBC51FDFDC7900762848 /* PodcastTests.swift in Sources */ = {isa = PBXBuildFile; fileRef = 842DEBC41FDFDC7900762848 /* PodcastTests.swift */; };
		842DEBD01FDFDC7900762848 /* PodcastUITests.swift in Sources */ = {isa = PBXBuildFile; fileRef = 842DEBCF1FDFDC7900762848 /* PodcastUITests.swift */; };
		842DEBE01FE042A700762848 /* WebKit.framework in Frameworks */ = {isa = PBXBuildFile; fileRef = 842DEBDF1FE0362B00762848 /* WebKit.framework */; };
		84AD45E81FE932BF00F8921D /* image.png in Resources */ = {isa = PBXBuildFile; fileRef = 84AD45E71FE932BF00F8921D /* image.png */; };
		84AD45EC1FE935F300F8921D /* icons8-sound-filled-50.png in Resources */ = {isa = PBXBuildFile; fileRef = 84AD45EB1FE935F300F8921D /* icons8-sound-filled-50.png */; };
		84AD45F01FE9376400F8921D /* icons8-play-filled-50.png in Resources */ = {isa = PBXBuildFile; fileRef = 84AD45EF1FE9376400F8921D /* icons8-play-filled-50.png */; };
		959954694FF790602F7D0BE8 /* Pods_PodcastUITests.framework in Frameworks */ = {isa = PBXBuildFile; fileRef = 513492F903A0148D71AF1D8D /* Pods_PodcastUITests.framework */; };
/* End PBXBuildFile section */

/* Begin PBXContainerItemProxy section */
		842DEBC11FDFDC7900762848 /* PBXContainerItemProxy */ = {
			isa = PBXContainerItemProxy;
			containerPortal = 842DEBA21FDFDC7900762848 /* Project object */;
			proxyType = 1;
			remoteGlobalIDString = 842DEBA91FDFDC7900762848;
			remoteInfo = Podcast;
		};
		842DEBCC1FDFDC7900762848 /* PBXContainerItemProxy */ = {
			isa = PBXContainerItemProxy;
			containerPortal = 842DEBA21FDFDC7900762848 /* Project object */;
			proxyType = 1;
			remoteGlobalIDString = 842DEBA91FDFDC7900762848;
			remoteInfo = Podcast;
		};
/* End PBXContainerItemProxy section */

/* Begin PBXFileReference section */
		021EB293CFA949D4D4D997CA /* Pods-Podcast.release.xcconfig */ = {isa = PBXFileReference; includeInIndex = 1; lastKnownFileType = text.xcconfig; name = "Pods-Podcast.release.xcconfig"; path = "Pods/Target Support Files/Pods-Podcast/Pods-Podcast.release.xcconfig"; sourceTree = "<group>"; };
		040A48E21FE01DCB0004398E /* .gitignore */ = {isa = PBXFileReference; lastKnownFileType = text; path = .gitignore; sourceTree = "<group>"; };
		046177B71FE841BF0048D226 /* Podcast.swift */ = {isa = PBXFileReference; lastKnownFileType = sourcecode.swift; path = Podcast.swift; sourceTree = "<group>"; };
		046177B91FE844C30048D226 /* Episode.swift */ = {isa = PBXFileReference; lastKnownFileType = sourcecode.swift; path = Episode.swift; sourceTree = "<group>"; };
		0479CF691FE6CCB1003E00DB /* EpisodeListViewController.swift */ = {isa = PBXFileReference; lastKnownFileType = sourcecode.swift; path = EpisodeListViewController.swift; sourceTree = "<group>"; };
		2E311B7669A716525C1FA779 /* Pods-PodcastTests.release.xcconfig */ = {isa = PBXFileReference; includeInIndex = 1; lastKnownFileType = text.xcconfig; name = "Pods-PodcastTests.release.xcconfig"; path = "Pods/Target Support Files/Pods-PodcastTests/Pods-PodcastTests.release.xcconfig"; sourceTree = "<group>"; };
		39599724472C9DD89303D6DA /* Pods-PodcastTests.debug.xcconfig */ = {isa = PBXFileReference; includeInIndex = 1; lastKnownFileType = text.xcconfig; name = "Pods-PodcastTests.debug.xcconfig"; path = "Pods/Target Support Files/Pods-PodcastTests/Pods-PodcastTests.debug.xcconfig"; sourceTree = "<group>"; };
		513492F903A0148D71AF1D8D /* Pods_PodcastUITests.framework */ = {isa = PBXFileReference; explicitFileType = wrapper.framework; includeInIndex = 0; path = Pods_PodcastUITests.framework; sourceTree = BUILT_PRODUCTS_DIR; };
		842974C31FE9274500E1FD00 /* PlayViewController.swift */ = {isa = PBXFileReference; lastKnownFileType = sourcecode.swift; path = PlayViewController.swift; sourceTree = "<group>"; };
		842DEBAA1FDFDC7900762848 /* Podcast.app */ = {isa = PBXFileReference; explicitFileType = wrapper.application; includeInIndex = 0; path = Podcast.app; sourceTree = BUILT_PRODUCTS_DIR; };
		842DEBAD1FDFDC7900762848 /* AppDelegate.swift */ = {isa = PBXFileReference; lastKnownFileType = sourcecode.swift; path = AppDelegate.swift; sourceTree = "<group>"; };
		842DEBAF1FDFDC7900762848 /* PodcastListViewController.swift */ = {isa = PBXFileReference; lastKnownFileType = sourcecode.swift; path = PodcastListViewController.swift; sourceTree = "<group>"; };
		842DEBB11FDFDC7900762848 /* SearchViewController.swift */ = {isa = PBXFileReference; lastKnownFileType = sourcecode.swift; path = SearchViewController.swift; sourceTree = "<group>"; };
		842DEBB41FDFDC7900762848 /* Base */ = {isa = PBXFileReference; lastKnownFileType = file.storyboard; name = Base; path = Base.lproj/Main.storyboard; sourceTree = "<group>"; };
		842DEBB61FDFDC7900762848 /* Assets.xcassets */ = {isa = PBXFileReference; lastKnownFileType = folder.assetcatalog; path = Assets.xcassets; sourceTree = "<group>"; };
		842DEBB91FDFDC7900762848 /* Base */ = {isa = PBXFileReference; lastKnownFileType = file.storyboard; name = Base; path = Base.lproj/LaunchScreen.storyboard; sourceTree = "<group>"; };
		842DEBBB1FDFDC7900762848 /* Info.plist */ = {isa = PBXFileReference; lastKnownFileType = text.plist.xml; path = Info.plist; sourceTree = "<group>"; };
		842DEBC01FDFDC7900762848 /* PodcastTests.xctest */ = {isa = PBXFileReference; explicitFileType = wrapper.cfbundle; includeInIndex = 0; path = PodcastTests.xctest; sourceTree = BUILT_PRODUCTS_DIR; };
		842DEBC41FDFDC7900762848 /* PodcastTests.swift */ = {isa = PBXFileReference; lastKnownFileType = sourcecode.swift; path = PodcastTests.swift; sourceTree = "<group>"; };
		842DEBC61FDFDC7900762848 /* Info.plist */ = {isa = PBXFileReference; lastKnownFileType = text.plist.xml; path = Info.plist; sourceTree = "<group>"; };
		842DEBCB1FDFDC7900762848 /* PodcastUITests.xctest */ = {isa = PBXFileReference; explicitFileType = wrapper.cfbundle; includeInIndex = 0; path = PodcastUITests.xctest; sourceTree = BUILT_PRODUCTS_DIR; };
		842DEBCF1FDFDC7900762848 /* PodcastUITests.swift */ = {isa = PBXFileReference; lastKnownFileType = sourcecode.swift; path = PodcastUITests.swift; sourceTree = "<group>"; };
		842DEBD11FDFDC7900762848 /* Info.plist */ = {isa = PBXFileReference; lastKnownFileType = text.plist.xml; path = Info.plist; sourceTree = "<group>"; };
		842DEBDF1FE0362B00762848 /* WebKit.framework */ = {isa = PBXFileReference; lastKnownFileType = wrapper.framework; name = WebKit.framework; path = System/Library/Frameworks/WebKit.framework; sourceTree = SDKROOT; };
		84AD45E71FE932BF00F8921D /* image.png */ = {isa = PBXFileReference; lastKnownFileType = image.png; path = image.png; sourceTree = "<group>"; };
		84AD45EB1FE935F300F8921D /* icons8-sound-filled-50.png */ = {isa = PBXFileReference; lastKnownFileType = image.png; path = "icons8-sound-filled-50.png"; sourceTree = "<group>"; };
		84AD45EF1FE9376400F8921D /* icons8-play-filled-50.png */ = {isa = PBXFileReference; lastKnownFileType = image.png; path = "icons8-play-filled-50.png"; sourceTree = "<group>"; };
		8E3F83AE86FE5958ED2859EE /* Pods-PodcastUITests.debug.xcconfig */ = {isa = PBXFileReference; includeInIndex = 1; lastKnownFileType = text.xcconfig; name = "Pods-PodcastUITests.debug.xcconfig"; path = "Pods/Target Support Files/Pods-PodcastUITests/Pods-PodcastUITests.debug.xcconfig"; sourceTree = "<group>"; };
		920F1D79AB534FE9D7080370 /* Pods_Podcast.framework */ = {isa = PBXFileReference; explicitFileType = wrapper.framework; includeInIndex = 0; path = Pods_Podcast.framework; sourceTree = BUILT_PRODUCTS_DIR; };
		9E75558CC1D5606749F348C7 /* Pods_PodcastTests.framework */ = {isa = PBXFileReference; explicitFileType = wrapper.framework; includeInIndex = 0; path = Pods_PodcastTests.framework; sourceTree = BUILT_PRODUCTS_DIR; };
		C248C90995B18005D125F3DE /* Pods-PodcastUITests.release.xcconfig */ = {isa = PBXFileReference; includeInIndex = 1; lastKnownFileType = text.xcconfig; name = "Pods-PodcastUITests.release.xcconfig"; path = "Pods/Target Support Files/Pods-PodcastUITests/Pods-PodcastUITests.release.xcconfig"; sourceTree = "<group>"; };
		E14C348028B3F5170FB23231 /* Pods-Podcast.debug.xcconfig */ = {isa = PBXFileReference; includeInIndex = 1; lastKnownFileType = text.xcconfig; name = "Pods-Podcast.debug.xcconfig"; path = "Pods/Target Support Files/Pods-Podcast/Pods-Podcast.debug.xcconfig"; sourceTree = "<group>"; };
/* End PBXFileReference section */

/* Begin PBXFrameworksBuildPhase section */
		842DEBA71FDFDC7900762848 /* Frameworks */ = {
			isa = PBXFrameworksBuildPhase;
			buildActionMask = 2147483647;
			files = (
				842DEBE01FE042A700762848 /* WebKit.framework in Frameworks */,
				308F5C25A5839956BDDFA6A2 /* Pods_Podcast.framework in Frameworks */,
			);
			runOnlyForDeploymentPostprocessing = 0;
		};
		842DEBBD1FDFDC7900762848 /* Frameworks */ = {
			isa = PBXFrameworksBuildPhase;
			buildActionMask = 2147483647;
			files = (
				24B69DA112A0E09AB7A657D0 /* Pods_PodcastTests.framework in Frameworks */,
			);
			runOnlyForDeploymentPostprocessing = 0;
		};
		842DEBC81FDFDC7900762848 /* Frameworks */ = {
			isa = PBXFrameworksBuildPhase;
			buildActionMask = 2147483647;
			files = (
				959954694FF790602F7D0BE8 /* Pods_PodcastUITests.framework in Frameworks */,
			);
			runOnlyForDeploymentPostprocessing = 0;
		};
/* End PBXFrameworksBuildPhase section */

/* Begin PBXGroup section */
		040A48E11FE01DB30004398E /* Git */ = {
			isa = PBXGroup;
			children = (
				040A48E21FE01DCB0004398E /* .gitignore */,
			);
			path = Git;
			sourceTree = "<group>";
		};
		842DEBA11FDFDC7900762848 = {
			isa = PBXGroup;
			children = (
				040A48E11FE01DB30004398E /* Git */,
				842DEBAC1FDFDC7900762848 /* Podcast */,
				842DEBC31FDFDC7900762848 /* PodcastTests */,
				842DEBCE1FDFDC7900762848 /* PodcastUITests */,
				842DEBAB1FDFDC7900762848 /* Products */,
				842DEBDD1FE035AD00762848 /* Frameworks */,
				D96E172824C0797FEB169E3C /* Pods */,
			);
			sourceTree = "<group>";
		};
		842DEBAB1FDFDC7900762848 /* Products */ = {
			isa = PBXGroup;
			children = (
				842DEBAA1FDFDC7900762848 /* Podcast.app */,
				842DEBC01FDFDC7900762848 /* PodcastTests.xctest */,
				842DEBCB1FDFDC7900762848 /* PodcastUITests.xctest */,
			);
			name = Products;
			sourceTree = "<group>";
		};
		842DEBAC1FDFDC7900762848 /* Podcast */ = {
			isa = PBXGroup;
			children = (
				842DEBAD1FDFDC7900762848 /* AppDelegate.swift */,
				842DEBAF1FDFDC7900762848 /* PodcastListViewController.swift */,
				046177B71FE841BF0048D226 /* Podcast.swift */,
				0479CF691FE6CCB1003E00DB /* EpisodeListViewController.swift */,
				046177B91FE844C30048D226 /* Episode.swift */,
				842DEBB11FDFDC7900762848 /* SearchViewController.swift */,
				842974C31FE9274500E1FD00 /* PlayViewController.swift */,
				842DEBB31FDFDC7900762848 /* Main.storyboard */,
				84AD45E71FE932BF00F8921D /* image.png */,
				84AD45EF1FE9376400F8921D /* icons8-play-filled-50.png */,
				84AD45EB1FE935F300F8921D /* icons8-sound-filled-50.png */,
				842DEBB61FDFDC7900762848 /* Assets.xcassets */,
				842DEBB81FDFDC7900762848 /* LaunchScreen.storyboard */,
				842DEBBB1FDFDC7900762848 /* Info.plist */,
			);
			path = Podcast;
			sourceTree = "<group>";
		};
		842DEBC31FDFDC7900762848 /* PodcastTests */ = {
			isa = PBXGroup;
			children = (
				842DEBC41FDFDC7900762848 /* PodcastTests.swift */,
				842DEBC61FDFDC7900762848 /* Info.plist */,
			);
			path = PodcastTests;
			sourceTree = "<group>";
		};
		842DEBCE1FDFDC7900762848 /* PodcastUITests */ = {
			isa = PBXGroup;
			children = (
				842DEBCF1FDFDC7900762848 /* PodcastUITests.swift */,
				842DEBD11FDFDC7900762848 /* Info.plist */,
			);
			path = PodcastUITests;
			sourceTree = "<group>";
		};
		842DEBDD1FE035AD00762848 /* Frameworks */ = {
			isa = PBXGroup;
			children = (
				842DEBDF1FE0362B00762848 /* WebKit.framework */,
				920F1D79AB534FE9D7080370 /* Pods_Podcast.framework */,
				9E75558CC1D5606749F348C7 /* Pods_PodcastTests.framework */,
				513492F903A0148D71AF1D8D /* Pods_PodcastUITests.framework */,
			);
			name = Frameworks;
			sourceTree = "<group>";
		};
		D96E172824C0797FEB169E3C /* Pods */ = {
			isa = PBXGroup;
			children = (
				E14C348028B3F5170FB23231 /* Pods-Podcast.debug.xcconfig */,
				021EB293CFA949D4D4D997CA /* Pods-Podcast.release.xcconfig */,
				39599724472C9DD89303D6DA /* Pods-PodcastTests.debug.xcconfig */,
				2E311B7669A716525C1FA779 /* Pods-PodcastTests.release.xcconfig */,
				8E3F83AE86FE5958ED2859EE /* Pods-PodcastUITests.debug.xcconfig */,
				C248C90995B18005D125F3DE /* Pods-PodcastUITests.release.xcconfig */,
			);
			name = Pods;
			sourceTree = "<group>";
		};
/* End PBXGroup section */

/* Begin PBXNativeTarget section */
		842DEBA91FDFDC7900762848 /* Podcast */ = {
			isa = PBXNativeTarget;
			buildConfigurationList = 842DEBD41FDFDC7900762848 /* Build configuration list for PBXNativeTarget "Podcast" */;
			buildPhases = (
				FA050254BB3A98064A907C65 /* [CP] Check Pods Manifest.lock */,
				842DEBA61FDFDC7900762848 /* Sources */,
				842DEBA71FDFDC7900762848 /* Frameworks */,
				842DEBA81FDFDC7900762848 /* Resources */,
				11935617054158B1C5BA7615 /* [CP] Embed Pods Frameworks */,
				EE1C56913B72335E67951807 /* [CP] Copy Pods Resources */,
			);
			buildRules = (
			);
			dependencies = (
			);
			name = Podcast;
			productName = Podcast;
			productReference = 842DEBAA1FDFDC7900762848 /* Podcast.app */;
			productType = "com.apple.product-type.application";
		};
		842DEBBF1FDFDC7900762848 /* PodcastTests */ = {
			isa = PBXNativeTarget;
			buildConfigurationList = 842DEBD71FDFDC7900762848 /* Build configuration list for PBXNativeTarget "PodcastTests" */;
			buildPhases = (
				B369BB81EC83C6A0449A00A7 /* [CP] Check Pods Manifest.lock */,
				842DEBBC1FDFDC7900762848 /* Sources */,
				842DEBBD1FDFDC7900762848 /* Frameworks */,
				842DEBBE1FDFDC7900762848 /* Resources */,
				9FAA937171ACCAB7F103632B /* [CP] Embed Pods Frameworks */,
				B76FBA741A17CC6E4D80C510 /* [CP] Copy Pods Resources */,
			);
			buildRules = (
			);
			dependencies = (
				842DEBC21FDFDC7900762848 /* PBXTargetDependency */,
			);
			name = PodcastTests;
			productName = PodcastTests;
			productReference = 842DEBC01FDFDC7900762848 /* PodcastTests.xctest */;
			productType = "com.apple.product-type.bundle.unit-test";
		};
		842DEBCA1FDFDC7900762848 /* PodcastUITests */ = {
			isa = PBXNativeTarget;
			buildConfigurationList = 842DEBDA1FDFDC7900762848 /* Build configuration list for PBXNativeTarget "PodcastUITests" */;
			buildPhases = (
				1E49BCB3C1DDE3A0AD087843 /* [CP] Check Pods Manifest.lock */,
				842DEBC71FDFDC7900762848 /* Sources */,
				842DEBC81FDFDC7900762848 /* Frameworks */,
				842DEBC91FDFDC7900762848 /* Resources */,
				DFBFA9206AD70FCDDA5577F8 /* [CP] Embed Pods Frameworks */,
				2183C7CEF5F1278579C526B7 /* [CP] Copy Pods Resources */,
			);
			buildRules = (
			);
			dependencies = (
				842DEBCD1FDFDC7900762848 /* PBXTargetDependency */,
			);
			name = PodcastUITests;
			productName = PodcastUITests;
			productReference = 842DEBCB1FDFDC7900762848 /* PodcastUITests.xctest */;
			productType = "com.apple.product-type.bundle.ui-testing";
		};
/* End PBXNativeTarget section */

/* Begin PBXProject section */
		842DEBA21FDFDC7900762848 /* Project object */ = {
			isa = PBXProject;
			attributes = {
				LastSwiftUpdateCheck = 0910;
				LastUpgradeCheck = 0910;
				ORGANIZATIONNAME = at.fhooe.mcm;
				TargetAttributes = {
					842DEBA91FDFDC7900762848 = {
						CreatedOnToolsVersion = 9.1;
						ProvisioningStyle = Automatic;
					};
					842DEBBF1FDFDC7900762848 = {
						CreatedOnToolsVersion = 9.1;
						ProvisioningStyle = Automatic;
						TestTargetID = 842DEBA91FDFDC7900762848;
					};
					842DEBCA1FDFDC7900762848 = {
						CreatedOnToolsVersion = 9.1;
						ProvisioningStyle = Automatic;
						TestTargetID = 842DEBA91FDFDC7900762848;
					};
				};
			};
			buildConfigurationList = 842DEBA51FDFDC7900762848 /* Build configuration list for PBXProject "Podcast" */;
			compatibilityVersion = "Xcode 8.0";
			developmentRegion = en;
			hasScannedForEncodings = 0;
			knownRegions = (
				en,
				Base,
			);
			mainGroup = 842DEBA11FDFDC7900762848;
			productRefGroup = 842DEBAB1FDFDC7900762848 /* Products */;
			projectDirPath = "";
			projectRoot = "";
			targets = (
				842DEBA91FDFDC7900762848 /* Podcast */,
				842DEBBF1FDFDC7900762848 /* PodcastTests */,
				842DEBCA1FDFDC7900762848 /* PodcastUITests */,
			);
		};
/* End PBXProject section */

/* Begin PBXResourcesBuildPhase section */
		842DEBA81FDFDC7900762848 /* Resources */ = {
			isa = PBXResourcesBuildPhase;
			buildActionMask = 2147483647;
			files = (
				040A48E31FE01DCB0004398E /* .gitignore in Resources */,
				84AD45F01FE9376400F8921D /* icons8-play-filled-50.png in Resources */,
				842DEBBA1FDFDC7900762848 /* LaunchScreen.storyboard in Resources */,
				842DEBB71FDFDC7900762848 /* Assets.xcassets in Resources */,
				84AD45EC1FE935F300F8921D /* icons8-sound-filled-50.png in Resources */,
				842DEBB51FDFDC7900762848 /* Main.storyboard in Resources */,
				84AD45E81FE932BF00F8921D /* image.png in Resources */,
			);
			runOnlyForDeploymentPostprocessing = 0;
		};
		842DEBBE1FDFDC7900762848 /* Resources */ = {
			isa = PBXResourcesBuildPhase;
			buildActionMask = 2147483647;
			files = (
			);
			runOnlyForDeploymentPostprocessing = 0;
		};
		842DEBC91FDFDC7900762848 /* Resources */ = {
			isa = PBXResourcesBuildPhase;
			buildActionMask = 2147483647;
			files = (
			);
			runOnlyForDeploymentPostprocessing = 0;
		};
/* End PBXResourcesBuildPhase section */

/* Begin PBXShellScriptBuildPhase section */
		11935617054158B1C5BA7615 /* [CP] Embed Pods Frameworks */ = {
			isa = PBXShellScriptBuildPhase;
			buildActionMask = 2147483647;
			files = (
			);
			inputPaths = (
				"${SRCROOT}/Pods/Target Support Files/Pods-Podcast/Pods-Podcast-frameworks.sh",
				"${BUILT_PRODUCTS_DIR}/XMLMapper/XMLMapper.framework",
			);
			name = "[CP] Embed Pods Frameworks";
			outputPaths = (
				"${TARGET_BUILD_DIR}/${FRAMEWORKS_FOLDER_PATH}/XMLMapper.framework",
			);
			runOnlyForDeploymentPostprocessing = 0;
			shellPath = /bin/sh;
			shellScript = "\"${SRCROOT}/Pods/Target Support Files/Pods-Podcast/Pods-Podcast-frameworks.sh\"\n";
			showEnvVarsInLog = 0;
		};
		1E49BCB3C1DDE3A0AD087843 /* [CP] Check Pods Manifest.lock */ = {
			isa = PBXShellScriptBuildPhase;
			buildActionMask = 2147483647;
			files = (
			);
			inputPaths = (
				"${PODS_PODFILE_DIR_PATH}/Podfile.lock",
				"${PODS_ROOT}/Manifest.lock",
			);
			name = "[CP] Check Pods Manifest.lock";
			outputPaths = (
				"$(DERIVED_FILE_DIR)/Pods-PodcastUITests-checkManifestLockResult.txt",
			);
			runOnlyForDeploymentPostprocessing = 0;
			shellPath = /bin/sh;
			shellScript = "diff \"${PODS_PODFILE_DIR_PATH}/Podfile.lock\" \"${PODS_ROOT}/Manifest.lock\" > /dev/null\nif [ $? != 0 ] ; then\n    # print error to STDERR\n    echo \"error: The sandbox is not in sync with the Podfile.lock. Run 'pod install' or update your CocoaPods installation.\" >&2\n    exit 1\nfi\n# This output is used by Xcode 'outputs' to avoid re-running this script phase.\necho \"SUCCESS\" > \"${SCRIPT_OUTPUT_FILE_0}\"\n";
			showEnvVarsInLog = 0;
		};
		2183C7CEF5F1278579C526B7 /* [CP] Copy Pods Resources */ = {
			isa = PBXShellScriptBuildPhase;
			buildActionMask = 2147483647;
			files = (
			);
			inputPaths = (
			);
			name = "[CP] Copy Pods Resources";
			outputPaths = (
			);
			runOnlyForDeploymentPostprocessing = 0;
			shellPath = /bin/sh;
			shellScript = "\"${SRCROOT}/Pods/Target Support Files/Pods-PodcastUITests/Pods-PodcastUITests-resources.sh\"\n";
			showEnvVarsInLog = 0;
		};
		9FAA937171ACCAB7F103632B /* [CP] Embed Pods Frameworks */ = {
			isa = PBXShellScriptBuildPhase;
			buildActionMask = 2147483647;
			files = (
			);
			inputPaths = (
			);
			name = "[CP] Embed Pods Frameworks";
			outputPaths = (
			);
			runOnlyForDeploymentPostprocessing = 0;
			shellPath = /bin/sh;
			shellScript = "\"${SRCROOT}/Pods/Target Support Files/Pods-PodcastTests/Pods-PodcastTests-frameworks.sh\"\n";
			showEnvVarsInLog = 0;
		};
		B369BB81EC83C6A0449A00A7 /* [CP] Check Pods Manifest.lock */ = {
			isa = PBXShellScriptBuildPhase;
			buildActionMask = 2147483647;
			files = (
			);
			inputPaths = (
				"${PODS_PODFILE_DIR_PATH}/Podfile.lock",
				"${PODS_ROOT}/Manifest.lock",
			);
			name = "[CP] Check Pods Manifest.lock";
			outputPaths = (
				"$(DERIVED_FILE_DIR)/Pods-PodcastTests-checkManifestLockResult.txt",
			);
			runOnlyForDeploymentPostprocessing = 0;
			shellPath = /bin/sh;
			shellScript = "diff \"${PODS_PODFILE_DIR_PATH}/Podfile.lock\" \"${PODS_ROOT}/Manifest.lock\" > /dev/null\nif [ $? != 0 ] ; then\n    # print error to STDERR\n    echo \"error: The sandbox is not in sync with the Podfile.lock. Run 'pod install' or update your CocoaPods installation.\" >&2\n    exit 1\nfi\n# This output is used by Xcode 'outputs' to avoid re-running this script phase.\necho \"SUCCESS\" > \"${SCRIPT_OUTPUT_FILE_0}\"\n";
			showEnvVarsInLog = 0;
		};
		B76FBA741A17CC6E4D80C510 /* [CP] Copy Pods Resources */ = {
			isa = PBXShellScriptBuildPhase;
			buildActionMask = 2147483647;
			files = (
			);
			inputPaths = (
			);
			name = "[CP] Copy Pods Resources";
			outputPaths = (
			);
			runOnlyForDeploymentPostprocessing = 0;
			shellPath = /bin/sh;
			shellScript = "\"${SRCROOT}/Pods/Target Support Files/Pods-PodcastTests/Pods-PodcastTests-resources.sh\"\n";
			showEnvVarsInLog = 0;
		};
		DFBFA9206AD70FCDDA5577F8 /* [CP] Embed Pods Frameworks */ = {
			isa = PBXShellScriptBuildPhase;
			buildActionMask = 2147483647;
			files = (
			);
			inputPaths = (
			);
			name = "[CP] Embed Pods Frameworks";
			outputPaths = (
			);
			runOnlyForDeploymentPostprocessing = 0;
			shellPath = /bin/sh;
			shellScript = "\"${SRCROOT}/Pods/Target Support Files/Pods-PodcastUITests/Pods-PodcastUITests-frameworks.sh\"\n";
			showEnvVarsInLog = 0;
		};
		EE1C56913B72335E67951807 /* [CP] Copy Pods Resources */ = {
			isa = PBXShellScriptBuildPhase;
			buildActionMask = 2147483647;
			files = (
			);
			inputPaths = (
			);
			name = "[CP] Copy Pods Resources";
			outputPaths = (
			);
			runOnlyForDeploymentPostprocessing = 0;
			shellPath = /bin/sh;
			shellScript = "\"${SRCROOT}/Pods/Target Support Files/Pods-Podcast/Pods-Podcast-resources.sh\"\n";
			showEnvVarsInLog = 0;
		};
		FA050254BB3A98064A907C65 /* [CP] Check Pods Manifest.lock */ = {
			isa = PBXShellScriptBuildPhase;
			buildActionMask = 2147483647;
			files = (
			);
			inputPaths = (
				"${PODS_PODFILE_DIR_PATH}/Podfile.lock",
				"${PODS_ROOT}/Manifest.lock",
			);
			name = "[CP] Check Pods Manifest.lock";
			outputPaths = (
				"$(DERIVED_FILE_DIR)/Pods-Podcast-checkManifestLockResult.txt",
			);
			runOnlyForDeploymentPostprocessing = 0;
			shellPath = /bin/sh;
			shellScript = "diff \"${PODS_PODFILE_DIR_PATH}/Podfile.lock\" \"${PODS_ROOT}/Manifest.lock\" > /dev/null\nif [ $? != 0 ] ; then\n    # print error to STDERR\n    echo \"error: The sandbox is not in sync with the Podfile.lock. Run 'pod install' or update your CocoaPods installation.\" >&2\n    exit 1\nfi\n# This output is used by Xcode 'outputs' to avoid re-running this script phase.\necho \"SUCCESS\" > \"${SCRIPT_OUTPUT_FILE_0}\"\n";
			showEnvVarsInLog = 0;
		};
/* End PBXShellScriptBuildPhase section */

/* Begin PBXSourcesBuildPhase section */
		842DEBA61FDFDC7900762848 /* Sources */ = {
			isa = PBXSourcesBuildPhase;
			buildActionMask = 2147483647;
			files = (
				842DEBB21FDFDC7900762848 /* SearchViewController.swift in Sources */,
				046177BA1FE844C30048D226 /* Episode.swift in Sources */,
				842DEBAE1FDFDC7900762848 /* AppDelegate.swift in Sources */,
				0479CF6A1FE6CCB1003E00DB /* EpisodeListViewController.swift in Sources */,
				842DEBB01FDFDC7900762848 /* PodcastListViewController.swift in Sources */,
				842974C41FE9274500E1FD00 /* PlayViewController.swift in Sources */,
				046177B81FE841BF0048D226 /* Podcast.swift in Sources */,
			);
			runOnlyForDeploymentPostprocessing = 0;
		};
		842DEBBC1FDFDC7900762848 /* Sources */ = {
			isa = PBXSourcesBuildPhase;
			buildActionMask = 2147483647;
			files = (
				842DEBC51FDFDC7900762848 /* PodcastTests.swift in Sources */,
			);
			runOnlyForDeploymentPostprocessing = 0;
		};
		842DEBC71FDFDC7900762848 /* Sources */ = {
			isa = PBXSourcesBuildPhase;
			buildActionMask = 2147483647;
			files = (
				842DEBD01FDFDC7900762848 /* PodcastUITests.swift in Sources */,
			);
			runOnlyForDeploymentPostprocessing = 0;
		};
/* End PBXSourcesBuildPhase section */

/* Begin PBXTargetDependency section */
		842DEBC21FDFDC7900762848 /* PBXTargetDependency */ = {
			isa = PBXTargetDependency;
			target = 842DEBA91FDFDC7900762848 /* Podcast */;
			targetProxy = 842DEBC11FDFDC7900762848 /* PBXContainerItemProxy */;
		};
		842DEBCD1FDFDC7900762848 /* PBXTargetDependency */ = {
			isa = PBXTargetDependency;
			target = 842DEBA91FDFDC7900762848 /* Podcast */;
			targetProxy = 842DEBCC1FDFDC7900762848 /* PBXContainerItemProxy */;
		};
/* End PBXTargetDependency section */

/* Begin PBXVariantGroup section */
		842DEBB31FDFDC7900762848 /* Main.storyboard */ = {
			isa = PBXVariantGroup;
			children = (
				842DEBB41FDFDC7900762848 /* Base */,
			);
			name = Main.storyboard;
			sourceTree = "<group>";
		};
		842DEBB81FDFDC7900762848 /* LaunchScreen.storyboard */ = {
			isa = PBXVariantGroup;
			children = (
				842DEBB91FDFDC7900762848 /* Base */,
			);
			name = LaunchScreen.storyboard;
			sourceTree = "<group>";
		};
/* End PBXVariantGroup section */

/* Begin XCBuildConfiguration section */
		842DEBD21FDFDC7900762848 /* Debug */ = {
			isa = XCBuildConfiguration;
			buildSettings = {
				ALWAYS_SEARCH_USER_PATHS = NO;
				CLANG_ANALYZER_NONNULL = YES;
				CLANG_ANALYZER_NUMBER_OBJECT_CONVERSION = YES_AGGRESSIVE;
				CLANG_CXX_LANGUAGE_STANDARD = "gnu++14";
				CLANG_CXX_LIBRARY = "libc++";
				CLANG_ENABLE_MODULES = YES;
				CLANG_ENABLE_OBJC_ARC = YES;
				CLANG_WARN_BLOCK_CAPTURE_AUTORELEASING = YES;
				CLANG_WARN_BOOL_CONVERSION = YES;
				CLANG_WARN_COMMA = YES;
				CLANG_WARN_CONSTANT_CONVERSION = YES;
				CLANG_WARN_DIRECT_OBJC_ISA_USAGE = YES_ERROR;
				CLANG_WARN_DOCUMENTATION_COMMENTS = YES;
				CLANG_WARN_EMPTY_BODY = YES;
				CLANG_WARN_ENUM_CONVERSION = YES;
				CLANG_WARN_INFINITE_RECURSION = YES;
				CLANG_WARN_INT_CONVERSION = YES;
				CLANG_WARN_NON_LITERAL_NULL_CONVERSION = YES;
				CLANG_WARN_OBJC_LITERAL_CONVERSION = YES;
				CLANG_WARN_OBJC_ROOT_CLASS = YES_ERROR;
				CLANG_WARN_RANGE_LOOP_ANALYSIS = YES;
				CLANG_WARN_STRICT_PROTOTYPES = YES;
				CLANG_WARN_SUSPICIOUS_MOVE = YES;
				CLANG_WARN_UNGUARDED_AVAILABILITY = YES_AGGRESSIVE;
				CLANG_WARN_UNREACHABLE_CODE = YES;
				CLANG_WARN__DUPLICATE_METHOD_MATCH = YES;
				CODE_SIGN_IDENTITY = "iPhone Developer";
				COPY_PHASE_STRIP = NO;
				DEBUG_INFORMATION_FORMAT = dwarf;
				ENABLE_STRICT_OBJC_MSGSEND = YES;
				ENABLE_TESTABILITY = YES;
				GCC_C_LANGUAGE_STANDARD = gnu11;
				GCC_DYNAMIC_NO_PIC = NO;
				GCC_NO_COMMON_BLOCKS = YES;
				GCC_OPTIMIZATION_LEVEL = 0;
				GCC_PREPROCESSOR_DEFINITIONS = (
					"DEBUG=1",
					"$(inherited)",
				);
				GCC_WARN_64_TO_32_BIT_CONVERSION = YES;
				GCC_WARN_ABOUT_RETURN_TYPE = YES_ERROR;
				GCC_WARN_UNDECLARED_SELECTOR = YES;
				GCC_WARN_UNINITIALIZED_AUTOS = YES_AGGRESSIVE;
				GCC_WARN_UNUSED_FUNCTION = YES;
				GCC_WARN_UNUSED_VARIABLE = YES;
				IPHONEOS_DEPLOYMENT_TARGET = 11.1;
				MTL_ENABLE_DEBUG_INFO = YES;
				ONLY_ACTIVE_ARCH = YES;
				SDKROOT = iphoneos;
				SWIFT_ACTIVE_COMPILATION_CONDITIONS = DEBUG;
				SWIFT_OPTIMIZATION_LEVEL = "-Onone";
			};
			name = Debug;
		};
		842DEBD31FDFDC7900762848 /* Release */ = {
			isa = XCBuildConfiguration;
			buildSettings = {
				ALWAYS_SEARCH_USER_PATHS = NO;
				CLANG_ANALYZER_NONNULL = YES;
				CLANG_ANALYZER_NUMBER_OBJECT_CONVERSION = YES_AGGRESSIVE;
				CLANG_CXX_LANGUAGE_STANDARD = "gnu++14";
				CLANG_CXX_LIBRARY = "libc++";
				CLANG_ENABLE_MODULES = YES;
				CLANG_ENABLE_OBJC_ARC = YES;
				CLANG_WARN_BLOCK_CAPTURE_AUTORELEASING = YES;
				CLANG_WARN_BOOL_CONVERSION = YES;
				CLANG_WARN_COMMA = YES;
				CLANG_WARN_CONSTANT_CONVERSION = YES;
				CLANG_WARN_DIRECT_OBJC_ISA_USAGE = YES_ERROR;
				CLANG_WARN_DOCUMENTATION_COMMENTS = YES;
				CLANG_WARN_EMPTY_BODY = YES;
				CLANG_WARN_ENUM_CONVERSION = YES;
				CLANG_WARN_INFINITE_RECURSION = YES;
				CLANG_WARN_INT_CONVERSION = YES;
				CLANG_WARN_NON_LITERAL_NULL_CONVERSION = YES;
				CLANG_WARN_OBJC_LITERAL_CONVERSION = YES;
				CLANG_WARN_OBJC_ROOT_CLASS = YES_ERROR;
				CLANG_WARN_RANGE_LOOP_ANALYSIS = YES;
				CLANG_WARN_STRICT_PROTOTYPES = YES;
				CLANG_WARN_SUSPICIOUS_MOVE = YES;
				CLANG_WARN_UNGUARDED_AVAILABILITY = YES_AGGRESSIVE;
				CLANG_WARN_UNREACHABLE_CODE = YES;
				CLANG_WARN__DUPLICATE_METHOD_MATCH = YES;
				CODE_SIGN_IDENTITY = "iPhone Developer";
				COPY_PHASE_STRIP = NO;
				DEBUG_INFORMATION_FORMAT = "dwarf-with-dsym";
				ENABLE_NS_ASSERTIONS = NO;
				ENABLE_STRICT_OBJC_MSGSEND = YES;
				GCC_C_LANGUAGE_STANDARD = gnu11;
				GCC_NO_COMMON_BLOCKS = YES;
				GCC_WARN_64_TO_32_BIT_CONVERSION = YES;
				GCC_WARN_ABOUT_RETURN_TYPE = YES_ERROR;
				GCC_WARN_UNDECLARED_SELECTOR = YES;
				GCC_WARN_UNINITIALIZED_AUTOS = YES_AGGRESSIVE;
				GCC_WARN_UNUSED_FUNCTION = YES;
				GCC_WARN_UNUSED_VARIABLE = YES;
				IPHONEOS_DEPLOYMENT_TARGET = 11.1;
				MTL_ENABLE_DEBUG_INFO = NO;
				SDKROOT = iphoneos;
				SWIFT_OPTIMIZATION_LEVEL = "-Owholemodule";
				VALIDATE_PRODUCT = YES;
			};
			name = Release;
		};
		842DEBD51FDFDC7900762848 /* Debug */ = {
			isa = XCBuildConfiguration;
			baseConfigurationReference = E14C348028B3F5170FB23231 /* Pods-Podcast.debug.xcconfig */;
			buildSettings = {
				ASSETCATALOG_COMPILER_APPICON_NAME = AppIcon;
				CODE_SIGN_STYLE = Automatic;
				DEVELOPMENT_TEAM = 8FUH249PU9;
				INFOPLIST_FILE = Podcast/Info.plist;
				LD_RUNPATH_SEARCH_PATHS = "$(inherited) @executable_path/Frameworks";
				PRODUCT_BUNDLE_IDENTIFIER = at.fhooe.mcm.Podcast;
				PRODUCT_NAME = "$(TARGET_NAME)";
				SWIFT_VERSION = 4.0;
				TARGETED_DEVICE_FAMILY = "1,2";
			};
			name = Debug;
		};
		842DEBD61FDFDC7900762848 /* Release */ = {
			isa = XCBuildConfiguration;
			baseConfigurationReference = 021EB293CFA949D4D4D997CA /* Pods-Podcast.release.xcconfig */;
			buildSettings = {
				ASSETCATALOG_COMPILER_APPICON_NAME = AppIcon;
				CODE_SIGN_STYLE = Automatic;
				DEVELOPMENT_TEAM = 8FUH249PU9;
				INFOPLIST_FILE = Podcast/Info.plist;
				LD_RUNPATH_SEARCH_PATHS = "$(inherited) @executable_path/Frameworks";
				PRODUCT_BUNDLE_IDENTIFIER = at.fhooe.mcm.Podcast;
				PRODUCT_NAME = "$(TARGET_NAME)";
				SWIFT_VERSION = 4.0;
				TARGETED_DEVICE_FAMILY = "1,2";
			};
			name = Release;
		};
		842DEBD81FDFDC7900762848 /* Debug */ = {
			isa = XCBuildConfiguration;
			baseConfigurationReference = 39599724472C9DD89303D6DA /* Pods-PodcastTests.debug.xcconfig */;
			buildSettings = {
				ALWAYS_EMBED_SWIFT_STANDARD_LIBRARIES = YES;
				BUNDLE_LOADER = "$(TEST_HOST)";
				CODE_SIGN_STYLE = Automatic;
				INFOPLIST_FILE = PodcastTests/Info.plist;
				LD_RUNPATH_SEARCH_PATHS = "$(inherited) @executable_path/Frameworks @loader_path/Frameworks";
				PRODUCT_BUNDLE_IDENTIFIER = at.fhooe.mcm.PodcastTests;
				PRODUCT_NAME = "$(TARGET_NAME)";
				SWIFT_VERSION = 4.0;
				TARGETED_DEVICE_FAMILY = "1,2";
				TEST_HOST = "$(BUILT_PRODUCTS_DIR)/Podcast.app/Podcast";
			};
			name = Debug;
		};
		842DEBD91FDFDC7900762848 /* Release */ = {
			isa = XCBuildConfiguration;
			baseConfigurationReference = 2E311B7669A716525C1FA779 /* Pods-PodcastTests.release.xcconfig */;
			buildSettings = {
				ALWAYS_EMBED_SWIFT_STANDARD_LIBRARIES = YES;
				BUNDLE_LOADER = "$(TEST_HOST)";
				CODE_SIGN_STYLE = Automatic;
				INFOPLIST_FILE = PodcastTests/Info.plist;
				LD_RUNPATH_SEARCH_PATHS = "$(inherited) @executable_path/Frameworks @loader_path/Frameworks";
				PRODUCT_BUNDLE_IDENTIFIER = at.fhooe.mcm.PodcastTests;
				PRODUCT_NAME = "$(TARGET_NAME)";
				SWIFT_VERSION = 4.0;
				TARGETED_DEVICE_FAMILY = "1,2";
				TEST_HOST = "$(BUILT_PRODUCTS_DIR)/Podcast.app/Podcast";
			};
			name = Release;
		};
		842DEBDB1FDFDC7900762848 /* Debug */ = {
			isa = XCBuildConfiguration;
			baseConfigurationReference = 8E3F83AE86FE5958ED2859EE /* Pods-PodcastUITests.debug.xcconfig */;
			buildSettings = {
				ALWAYS_EMBED_SWIFT_STANDARD_LIBRARIES = YES;
				CODE_SIGN_STYLE = Automatic;
				INFOPLIST_FILE = PodcastUITests/Info.plist;
				LD_RUNPATH_SEARCH_PATHS = "$(inherited) @executable_path/Frameworks @loader_path/Frameworks";
				PRODUCT_BUNDLE_IDENTIFIER = at.fhooe.mcm.PodcastUITests;
				PRODUCT_NAME = "$(TARGET_NAME)";
				SWIFT_VERSION = 4.0;
				TARGETED_DEVICE_FAMILY = "1,2";
				TEST_TARGET_NAME = Podcast;
			};
			name = Debug;
		};
		842DEBDC1FDFDC7900762848 /* Release */ = {
			isa = XCBuildConfiguration;
			baseConfigurationReference = C248C90995B18005D125F3DE /* Pods-PodcastUITests.release.xcconfig */;
			buildSettings = {
				ALWAYS_EMBED_SWIFT_STANDARD_LIBRARIES = YES;
				CODE_SIGN_STYLE = Automatic;
				INFOPLIST_FILE = PodcastUITests/Info.plist;
				LD_RUNPATH_SEARCH_PATHS = "$(inherited) @executable_path/Frameworks @loader_path/Frameworks";
				PRODUCT_BUNDLE_IDENTIFIER = at.fhooe.mcm.PodcastUITests;
				PRODUCT_NAME = "$(TARGET_NAME)";
				SWIFT_VERSION = 4.0;
				TARGETED_DEVICE_FAMILY = "1,2";
				TEST_TARGET_NAME = Podcast;
			};
			name = Release;
		};
/* End XCBuildConfiguration section */

/* Begin XCConfigurationList section */
		842DEBA51FDFDC7900762848 /* Build configuration list for PBXProject "Podcast" */ = {
			isa = XCConfigurationList;
			buildConfigurations = (
				842DEBD21FDFDC7900762848 /* Debug */,
				842DEBD31FDFDC7900762848 /* Release */,
			);
			defaultConfigurationIsVisible = 0;
			defaultConfigurationName = Release;
		};
		842DEBD41FDFDC7900762848 /* Build configuration list for PBXNativeTarget "Podcast" */ = {
			isa = XCConfigurationList;
			buildConfigurations = (
				842DEBD51FDFDC7900762848 /* Debug */,
				842DEBD61FDFDC7900762848 /* Release */,
			);
			defaultConfigurationIsVisible = 0;
			defaultConfigurationName = Release;
		};
		842DEBD71FDFDC7900762848 /* Build configuration list for PBXNativeTarget "PodcastTests" */ = {
			isa = XCConfigurationList;
			buildConfigurations = (
				842DEBD81FDFDC7900762848 /* Debug */,
				842DEBD91FDFDC7900762848 /* Release */,
			);
			defaultConfigurationIsVisible = 0;
			defaultConfigurationName = Release;
		};
		842DEBDA1FDFDC7900762848 /* Build configuration list for PBXNativeTarget "PodcastUITests" */ = {
			isa = XCConfigurationList;
			buildConfigurations = (
				842DEBDB1FDFDC7900762848 /* Debug */,
				842DEBDC1FDFDC7900762848 /* Release */,
			);
			defaultConfigurationIsVisible = 0;
			defaultConfigurationName = Release;
		};
/* End XCConfigurationList section */
	};
	rootObject = 842DEBA21FDFDC7900762848 /* Project object */;
}
